
Microsoft Visual Studio Solution File, Format Version 12.00
# Visual Studio Version 17
VisualStudioVersion = 17.5.33424.131
MinimumVisualStudioVersion = 10.0.40219.1
Project("{FAE04EC0-301F-11D3-BF4B-00C04F79EFBC}") = "ClientPlugin", "ClientPlugin\ClientPlugin.csproj", "{01B462CA-A573-481D-93B0-D835850ABAE0}"
EndProject
Project("{FAE04EC0-301F-11D3-BF4B-00C04F79EFBC}") = "TorchPlugin", "TorchPlugin\TorchPlugin.csproj", "{101346DB-9AB8-4E09-A52A-345DC52D7525}"
EndProject
Project("{FAE04EC0-301F-11D3-BF4B-00C04F79EFBC}") = "DedicatedPlugin", "DedicatedPlugin\DedicatedPlugin.csproj", "{D5BE9653-43B0-4BBB-8858-BC8E935B4B08}"
EndProject
Project("{D954291E-2A0B-460D-934E-DC6B0785DB48}") = "Shared", "Shared\Shared.shproj", "{69F4D67A-5F8E-4464-8ED6-37D17B339583}"
EndProject
Project("{2150E333-8FDC-42A3-9474-1A3956D46DE8}") = "Solution Items", "Solution Items", "{75919FCB-E258-4690-ABD5-44597B3D9D65}"
	ProjectSection(SolutionItems) = preProject
		.gitignore = .gitignore
		Edit-and-run-before-opening-solution.bat = Edit-and-run-before-opening-solution.bat
		README.md = README.md
		ReplaceGuidsAndRename.py = ReplaceGuidsAndRename.py
	EndProjectSection
EndProject
Global
	GlobalSection(SolutionConfigurationPlatforms) = preSolution
		Debug|Any CPU = Debug|Any CPU
		Release|Any CPU = Release|Any CPU
	EndGlobalSection
	GlobalSection(ProjectConfigurationPlatforms) = postSolution
		{01B462CA-A573-481D-93B0-D835850ABAE0}.Debug|Any CPU.ActiveCfg = Debug|Any CPU
		{01B462CA-A573-481D-93B0-D835850ABAE0}.Debug|Any CPU.Build.0 = Debug|Any CPU
		{01B462CA-A573-481D-93B0-D835850ABAE0}.Debug|Any CPU.Deploy.0 = Debug|Any CPU
		{01B462CA-A573-481D-93B0-D835850ABAE0}.Release|Any CPU.ActiveCfg = Release|Any CPU
		{01B462CA-A573-481D-93B0-D835850ABAE0}.Release|Any CPU.Build.0 = Release|Any CPU
		{01B462CA-A573-481D-93B0-D835850ABAE0}.Release|Any CPU.Deploy.0 = Release|Any CPU
		{101346DB-9AB8-4E09-A52A-345DC52D7525}.Debug|Any CPU.ActiveCfg = Debug|Any CPU
		{101346DB-9AB8-4E09-A52A-345DC52D7525}.Debug|Any CPU.Build.0 = Debug|Any CPU
		{101346DB-9AB8-4E09-A52A-345DC52D7525}.Debug|Any CPU.Deploy.0 = Debug|Any CPU
		{101346DB-9AB8-4E09-A52A-345DC52D7525}.Release|Any CPU.ActiveCfg = Release|Any CPU
		{101346DB-9AB8-4E09-A52A-345DC52D7525}.Release|Any CPU.Build.0 = Release|Any CPU
		{101346DB-9AB8-4E09-A52A-345DC52D7525}.Release|Any CPU.Deploy.0 = Release|Any CPU
		{D5BE9653-43B0-4BBB-8858-BC8E935B4B08}.Debug|Any CPU.ActiveCfg = Debug|Any CPU
		{D5BE9653-43B0-4BBB-8858-BC8E935B4B08}.Debug|Any CPU.Build.0 = Debug|Any CPU
		{D5BE9653-43B0-4BBB-8858-BC8E935B4B08}.Debug|Any CPU.Deploy.0 = Debug|Any CPU
		{D5BE9653-43B0-4BBB-8858-BC8E935B4B08}.Release|Any CPU.ActiveCfg = Release|Any CPU
		{D5BE9653-43B0-4BBB-8858-BC8E935B4B08}.Release|Any CPU.Build.0 = Release|Any CPU
		{D5BE9653-43B0-4BBB-8858-BC8E935B4B08}.Release|Any CPU.Deploy.0 = Release|Any CPU
	EndGlobalSection
	GlobalSection(SolutionProperties) = preSolution
		HideSolutionNode = FALSE
	EndGlobalSection
	GlobalSection(SharedMSBuildProjectFiles) = preSolution
		Shared\Shared.projitems*{01b462ca-a573-481d-93b0-d835850abae0}*SharedItemsImports = 4
		Shared\Shared.projitems*{101346db-9ab8-4e09-a52a-345dc52d7525}*SharedItemsImports = 4
		Shared\Shared.projitems*{69f4d67a-5f8e-4464-8ed6-37d17b339583}*SharedItemsImports = 13
		Shared\Shared.projitems*{d5be9653-43b0-4bbb-8858-bc8e935b4b08}*SharedItemsImports = 4
	EndGlobalSection
EndGlobal
